
Microsoft Visual Studio Solution File, Format Version 12.00
# Visual Studio Version 17
VisualStudioVersion = 17.0.31912.275
MinimumVisualStudioVersion = 10.0.40219.1
Project("{9A19103F-16F7-4668-BE54-9A1E7A4F7556}") = "Testing-2022", "Testing-2022\Testing-2022.csproj", "{22B314DE-C0D8-4EE3-8E15-17C773238D22}"
EndProject
Project("{9A19103F-16F7-4668-BE54-9A1E7A4F7556}") = "Advent-Of-Code-2022-01", "Advent-Of-Code-2022-01\Advent-Of-Code-2022-01.csproj", "{C45E4A49-67E1-4FC6-815F-A8ACF8DEB6DA}"
EndProject
Project("{9A19103F-16F7-4668-BE54-9A1E7A4F7556}") = "Advent-Of-Code-2022", "Advent-Of-Code-2022\Advent-Of-Code-2022.csproj", "{6DD0271E-7471-4190-8C06-2B4FE51E44B9}"
EndProject
Project("{9A19103F-16F7-4668-BE54-9A1E7A4F7556}") = "Advent-Of-Code-2022-02", "Advent-Of-Code-2022-02\Advent-Of-Code-2022-02.csproj", "{43208EF0-C40F-4546-87E8-9E48D196C3A7}"
EndProject
Project("{9A19103F-16F7-4668-BE54-9A1E7A4F7556}") = "Advent-Of-Code-2022-03", "Advent-Of-Code-2022-03\Advent-Of-Code-2022-03.csproj", "{E06A0F32-B604-40D9-9EB0-38D1FD165DF6}"
EndProject
Project("{9A19103F-16F7-4668-BE54-9A1E7A4F7556}") = "Advent-Of-Code-2022-04", "Advent-Of-Code-2022-04\Advent-Of-Code-2022-04.csproj", "{95FD2DED-1A54-4C37-92DB-1C0D046581B4}"
EndProject
Project("{9A19103F-16F7-4668-BE54-9A1E7A4F7556}") = "Advent-Of-Code-2022-05", "Advent-Of-Code-2022-05\Advent-Of-Code-2022-05.csproj", "{CB7CDFE5-F6B2-4A9E-B563-CBB945004AF4}"
EndProject
Project("{9A19103F-16F7-4668-BE54-9A1E7A4F7556}") = "Advent-Of-Code-2022-06", "Advent-Of-Code-2022-06\Advent-Of-Code-2022-06.csproj", "{8459BD5B-C34E-4620-8C1F-C36A5FC84DC2}"
EndProject
Project("{9A19103F-16F7-4668-BE54-9A1E7A4F7556}") = "Advent-Of-Code-2022-07", "Advent-Of-Code-2022-07\Advent-Of-Code-2022-07.csproj", "{E401D06E-2099-4A14-8EEC-EE02A24CE5B1}"
EndProject
Project("{9A19103F-16F7-4668-BE54-9A1E7A4F7556}") = "Advent-Of-Code-2022-08", "Advent-Of-Code-2022-08\Advent-Of-Code-2022-08.csproj", "{2619AB27-5447-421E-877D-792D5C712F67}"
EndProject
Project("{9A19103F-16F7-4668-BE54-9A1E7A4F7556}") = "Advent-Of-Code-2022-09", "Advent-Of-Code-2022-09\Advent-Of-Code-2022-09.csproj", "{074B9D5C-BABA-4DF4-9FAE-D681D9002265}"
EndProject
Project("{9A19103F-16F7-4668-BE54-9A1E7A4F7556}") = "Advent-Of-Code-2022-10", "Advent-Of-Code-2022-10\Advent-Of-Code-2022-10.csproj", "{A7300476-B496-4122-836D-AC0BC080A73D}"
EndProject
Project("{9A19103F-16F7-4668-BE54-9A1E7A4F7556}") = "Advent-Of-Code-2022-11", "Advent-Of-Code-2022-11\Advent-Of-Code-2022-11.csproj", "{A4EF4E0A-AE57-4A8E-AB5D-0E11F54DCA1A}"
EndProject
Project("{FAE04EC0-301F-11D3-BF4B-00C04F79EFBC}") = "Advent-Of-Code-2022-12", "Advent-Of-Code-2022-12\Advent-Of-Code-2022-12.csproj", "{B9F05C3A-1C57-4FF5-A8C2-036BF3FBC4B4}"
EndProject
Global
	GlobalSection(SolutionConfigurationPlatforms) = preSolution
		Debug|Any CPU = Debug|Any CPU
		Release|Any CPU = Release|Any CPU
	EndGlobalSection
	GlobalSection(ProjectConfigurationPlatforms) = postSolution
		{22B314DE-C0D8-4EE3-8E15-17C773238D22}.Debug|Any CPU.ActiveCfg = Debug|Any CPU
		{22B314DE-C0D8-4EE3-8E15-17C773238D22}.Debug|Any CPU.Build.0 = Debug|Any CPU
		{22B314DE-C0D8-4EE3-8E15-17C773238D22}.Release|Any CPU.ActiveCfg = Release|Any CPU
		{22B314DE-C0D8-4EE3-8E15-17C773238D22}.Release|Any CPU.Build.0 = Release|Any CPU
		{C45E4A49-67E1-4FC6-815F-A8ACF8DEB6DA}.Debug|Any CPU.ActiveCfg = Debug|Any CPU
		{C45E4A49-67E1-4FC6-815F-A8ACF8DEB6DA}.Debug|Any CPU.Build.0 = Debug|Any CPU
		{C45E4A49-67E1-4FC6-815F-A8ACF8DEB6DA}.Release|Any CPU.ActiveCfg = Release|Any CPU
		{C45E4A49-67E1-4FC6-815F-A8ACF8DEB6DA}.Release|Any CPU.Build.0 = Release|Any CPU
		{6DD0271E-7471-4190-8C06-2B4FE51E44B9}.Debug|Any CPU.ActiveCfg = Debug|Any CPU
		{6DD0271E-7471-4190-8C06-2B4FE51E44B9}.Debug|Any CPU.Build.0 = Debug|Any CPU
		{6DD0271E-7471-4190-8C06-2B4FE51E44B9}.Release|Any CPU.ActiveCfg = Release|Any CPU
		{6DD0271E-7471-4190-8C06-2B4FE51E44B9}.Release|Any CPU.Build.0 = Release|Any CPU
		{43208EF0-C40F-4546-87E8-9E48D196C3A7}.Debug|Any CPU.ActiveCfg = Debug|Any CPU
		{43208EF0-C40F-4546-87E8-9E48D196C3A7}.Debug|Any CPU.Build.0 = Debug|Any CPU
		{43208EF0-C40F-4546-87E8-9E48D196C3A7}.Release|Any CPU.ActiveCfg = Release|Any CPU
		{43208EF0-C40F-4546-87E8-9E48D196C3A7}.Release|Any CPU.Build.0 = Release|Any CPU
		{E06A0F32-B604-40D9-9EB0-38D1FD165DF6}.Debug|Any CPU.ActiveCfg = Debug|Any CPU
		{E06A0F32-B604-40D9-9EB0-38D1FD165DF6}.Debug|Any CPU.Build.0 = Debug|Any CPU
		{E06A0F32-B604-40D9-9EB0-38D1FD165DF6}.Release|Any CPU.ActiveCfg = Release|Any CPU
		{E06A0F32-B604-40D9-9EB0-38D1FD165DF6}.Release|Any CPU.Build.0 = Release|Any CPU
		{95FD2DED-1A54-4C37-92DB-1C0D046581B4}.Debug|Any CPU.ActiveCfg = Debug|Any CPU
		{95FD2DED-1A54-4C37-92DB-1C0D046581B4}.Debug|Any CPU.Build.0 = Debug|Any CPU
		{95FD2DED-1A54-4C37-92DB-1C0D046581B4}.Release|Any CPU.ActiveCfg = Release|Any CPU
		{95FD2DED-1A54-4C37-92DB-1C0D046581B4}.Release|Any CPU.Build.0 = Release|Any CPU
		{CB7CDFE5-F6B2-4A9E-B563-CBB945004AF4}.Debug|Any CPU.ActiveCfg = Debug|Any CPU
		{CB7CDFE5-F6B2-4A9E-B563-CBB945004AF4}.Debug|Any CPU.Build.0 = Debug|Any CPU
		{CB7CDFE5-F6B2-4A9E-B563-CBB945004AF4}.Release|Any CPU.ActiveCfg = Release|Any CPU
		{CB7CDFE5-F6B2-4A9E-B563-CBB945004AF4}.Release|Any CPU.Build.0 = Release|Any CPU
		{8459BD5B-C34E-4620-8C1F-C36A5FC84DC2}.Debug|Any CPU.ActiveCfg = Debug|Any CPU
		{8459BD5B-C34E-4620-8C1F-C36A5FC84DC2}.Debug|Any CPU.Build.0 = Debug|Any CPU
		{8459BD5B-C34E-4620-8C1F-C36A5FC84DC2}.Release|Any CPU.ActiveCfg = Release|Any CPU
		{8459BD5B-C34E-4620-8C1F-C36A5FC84DC2}.Release|Any CPU.Build.0 = Release|Any CPU
		{E401D06E-2099-4A14-8EEC-EE02A24CE5B1}.Debug|Any CPU.ActiveCfg = Debug|Any CPU
		{E401D06E-2099-4A14-8EEC-EE02A24CE5B1}.Debug|Any CPU.Build.0 = Debug|Any CPU
		{E401D06E-2099-4A14-8EEC-EE02A24CE5B1}.Release|Any CPU.ActiveCfg = Release|Any CPU
		{E401D06E-2099-4A14-8EEC-EE02A24CE5B1}.Release|Any CPU.Build.0 = Release|Any CPU
		{2619AB27-5447-421E-877D-792D5C712F67}.Debug|Any CPU.ActiveCfg = Debug|Any CPU
		{2619AB27-5447-421E-877D-792D5C712F67}.Debug|Any CPU.Build.0 = Debug|Any CPU
		{2619AB27-5447-421E-877D-792D5C712F67}.Release|Any CPU.ActiveCfg = Release|Any CPU
		{2619AB27-5447-421E-877D-792D5C712F67}.Release|Any CPU.Build.0 = Release|Any CPU
		{074B9D5C-BABA-4DF4-9FAE-D681D9002265}.Debug|Any CPU.ActiveCfg = Debug|Any CPU
		{074B9D5C-BABA-4DF4-9FAE-D681D9002265}.Debug|Any CPU.Build.0 = Debug|Any CPU
		{074B9D5C-BABA-4DF4-9FAE-D681D9002265}.Release|Any CPU.ActiveCfg = Release|Any CPU
		{074B9D5C-BABA-4DF4-9FAE-D681D9002265}.Release|Any CPU.Build.0 = Release|Any CPU
		{A7300476-B496-4122-836D-AC0BC080A73D}.Debug|Any CPU.ActiveCfg = Debug|Any CPU
		{A7300476-B496-4122-836D-AC0BC080A73D}.Debug|Any CPU.Build.0 = Debug|Any CPU
		{A7300476-B496-4122-836D-AC0BC080A73D}.Release|Any CPU.ActiveCfg = Release|Any CPU
		{A7300476-B496-4122-836D-AC0BC080A73D}.Release|Any CPU.Build.0 = Release|Any CPU
		{A4EF4E0A-AE57-4A8E-AB5D-0E11F54DCA1A}.Debug|Any CPU.ActiveCfg = Debug|Any CPU
		{A4EF4E0A-AE57-4A8E-AB5D-0E11F54DCA1A}.Debug|Any CPU.Build.0 = Debug|Any CPU
		{A4EF4E0A-AE57-4A8E-AB5D-0E11F54DCA1A}.Release|Any CPU.ActiveCfg = Release|Any CPU
		{A4EF4E0A-AE57-4A8E-AB5D-0E11F54DCA1A}.Release|Any CPU.Build.0 = Release|Any CPU
		{B9F05C3A-1C57-4FF5-A8C2-036BF3FBC4B4}.Debug|Any CPU.ActiveCfg = Debug|Any CPU
		{B9F05C3A-1C57-4FF5-A8C2-036BF3FBC4B4}.Debug|Any CPU.Build.0 = Debug|Any CPU
		{B9F05C3A-1C57-4FF5-A8C2-036BF3FBC4B4}.Release|Any CPU.ActiveCfg = Release|Any CPU
		{B9F05C3A-1C57-4FF5-A8C2-036BF3FBC4B4}.Release|Any CPU.Build.0 = Release|Any CPU
	EndGlobalSection
	GlobalSection(SolutionProperties) = preSolution
		HideSolutionNode = FALSE
	EndGlobalSection
	GlobalSection(ExtensibilityGlobals) = postSolution
		SolutionGuid = {9FCC9AB4-D2C8-400E-BD2C-EE66826EBB82}
	EndGlobalSection
EndGlobal
